
Microsoft Visual Studio Solution File, Format Version 12.00
# Visual Studio Version 16
VisualStudioVersion = 16.0.29709.97
MinimumVisualStudioVersion = 10.0.40219.1
Project("{FAE04EC0-301F-11D3-BF4B-00C04F79EFBC}") = "PizzaStore.Web", "PizzaStore.Web\PizzaStore.Web.csproj", "{9A4DACEC-AF56-4032-89DE-4B47F032DEFA}"
EndProject
Global
	GlobalSection(SolutionConfigurationPlatforms) = preSolution
		Debug|Any CPU = Debug|Any CPU
		Release|Any CPU = Release|Any CPU
	EndGlobalSection
	GlobalSection(ProjectConfigurationPlatforms) = postSolution
		{9A4DACEC-AF56-4032-89DE-4B47F032DEFA}.Debug|Any CPU.ActiveCfg = Debug|Any CPU
		{9A4DACEC-AF56-4032-89DE-4B47F032DEFA}.Debug|Any CPU.Build.0 = Debug|Any CPU
		{9A4DACEC-AF56-4032-89DE-4B47F032DEFA}.Release|Any CPU.ActiveCfg = Release|Any CPU
		{9A4DACEC-AF56-4032-89DE-4B47F032DEFA}.Release|Any CPU.Build.0 = Release|Any CPU
	EndGlobalSection
	GlobalSection(SolutionProperties) = preSolution
		HideSolutionNode = FALSE
	EndGlobalSection
	GlobalSection(ExtensibilityGlobals) = postSolution
		SolutionGuid = {65364CE1-3571-4EE3-9113-F44A60A05225}
	EndGlobalSection
EndGlobal
